# This file is automatically @generated by Cargo.
# It is not intended for manual editing.
version = 4

[[package]]
name = "anstream"
version = "0.6.18"
source = "registry+https://github.com/rust-lang/crates.io-index"
checksum = "8acc5369981196006228e28809f761875c0327210a891e941f4c683b3a99529b"
dependencies = [
 "anstyle",
 "anstyle-parse",
 "anstyle-query",
 "anstyle-wincon",
 "colorchoice",
 "is_terminal_polyfill",
 "utf8parse",
]

[[package]]
name = "anstyle"
version = "1.0.10"
source = "registry+https://github.com/rust-lang/crates.io-index"
checksum = "55cc3b69f167a1ef2e161439aa98aed94e6028e5f9a59be9a6ffb47aef1651f9"

[[package]]
name = "anstyle-parse"
version = "0.2.6"
source = "registry+https://github.com/rust-lang/crates.io-index"
checksum = "3b2d16507662817a6a20a9ea92df6652ee4f94f914589377d69f3b21bc5798a9"
dependencies = [
 "utf8parse",
]

[[package]]
name = "anstyle-query"
version = "1.1.2"
source = "registry+https://github.com/rust-lang/crates.io-index"
checksum = "79947af37f4177cfead1110013d678905c37501914fba0efea834c3fe9a8d60c"
dependencies = [
 "windows-sys",
]

[[package]]
name = "anstyle-wincon"
version = "3.0.6"
source = "registry+https://github.com/rust-lang/crates.io-index"
checksum = "2109dbce0e72be3ec00bed26e6a7479ca384ad226efdd66db8fa2e3a38c83125"
dependencies = [
 "anstyle",
 "windows-sys",
]

[[package]]
name = "bitflags"
version = "2.6.0"
source = "registry+https://github.com/rust-lang/crates.io-index"
checksum = "b048fb63fd8b5923fc5aa7b340d8e156aec7ec02f0c78fa8a6ddc2613f6f71de"

[[package]]
name = "block-sys"
version = "0.2.1"
source = "registry+https://github.com/rust-lang/crates.io-index"
checksum = "ae85a0696e7ea3b835a453750bf002770776609115e6d25c6d2ff28a8200f7e7"
dependencies = [
 "objc-sys",
]

[[package]]
name = "block2"
version = "0.4.0"
source = "registry+https://github.com/rust-lang/crates.io-index"
checksum = "e58aa60e59d8dbfcc36138f5f18be5f24394d33b38b24f7fd0b1caa33095f22f"
dependencies = [
 "block-sys",
 "objc2",
]

[[package]]
name = "block2"
version = "0.5.1"
source = "registry+https://github.com/rust-lang/crates.io-index"
checksum = "2c132eebf10f5cad5289222520a4a058514204aed6d791f1cf4fe8088b82d15f"
dependencies = [
 "objc2",
]

[[package]]
name = "clap"
version = "4.5.23"
source = "registry+https://github.com/rust-lang/crates.io-index"
checksum = "3135e7ec2ef7b10c6ed8950f0f792ed96ee093fa088608f1c76e569722700c84"
dependencies = [
 "clap_builder",
 "clap_derive",
]

[[package]]
name = "clap_builder"
version = "4.5.23"
source = "registry+https://github.com/rust-lang/crates.io-index"
checksum = "30582fc632330df2bd26877bde0c1f4470d57c582bbc070376afcd04d8cb4838"
dependencies = [
 "anstream",
 "anstyle",
 "clap_lex",
 "strsim",
]

[[package]]
name = "clap_derive"
version = "4.5.18"
source = "registry+https://github.com/rust-lang/crates.io-index"
checksum = "4ac6a0c7b1a9e9a5186361f67dfa1b88213572f427fb9ab038efb2bd8c582dab"
dependencies = [
 "heck",
 "proc-macro2",
 "quote",
 "syn",
]

[[package]]
name = "clap_lex"
version = "0.7.4"
source = "registry+https://github.com/rust-lang/crates.io-index"
checksum = "f46ad14479a25103f283c0f10005961cf086d8dc42205bb44c46ac563475dca6"

[[package]]
name = "colorchoice"
version = "1.0.3"
source = "registry+https://github.com/rust-lang/crates.io-index"
checksum = "5b63caa9aa9397e2d9480a9b13673856c78d8ac123288526c37d7839f2a86990"

[[package]]
name = "ctor"
version = "0.2.9"
source = "registry+https://github.com/rust-lang/crates.io-index"
checksum = "32a2785755761f3ddc1492979ce1e48d2c00d09311c39e4466429188f3dd6501"
dependencies = [
 "quote",
 "syn",
]

[[package]]
name = "escape8259"
version = "0.5.3"
source = "registry+https://github.com/rust-lang/crates.io-index"
checksum = "5692dd7b5a1978a5aeb0ce83b7655c58ca8efdcb79d21036ea249da95afec2c6"

[[package]]
name = "heck"
version = "0.5.0"
source = "registry+https://github.com/rust-lang/crates.io-index"
checksum = "2304e00983f87ffb38b55b444b5e3b60a884b5d30c0fca7d82fe33449bbe55ea"

[[package]]
name = "icrate"
version = "0.1.2"
source = "registry+https://github.com/rust-lang/crates.io-index"
checksum = "3fb69199826926eb864697bddd27f73d9fddcffc004f5733131e15b465e30642"
dependencies = [
 "block2 0.4.0",
 "objc2",
]

[[package]]
name = "is_terminal_polyfill"
version = "1.70.1"
source = "registry+https://github.com/rust-lang/crates.io-index"
checksum = "7943c866cc5cd64cbc25b2e01621d07fa8eb2a1a23160ee81ce38704e97b8ecf"

[[package]]
name = "itoa"
version = "1.0.14"
source = "registry+https://github.com/rust-lang/crates.io-index"
checksum = "d75a2a4b1b190afb6f5425f10f6a8f959d2ea0b9c2b1d79553551850539e4674"

[[package]]
name = "libc"
version = "0.2.167"
source = "registry+https://github.com/rust-lang/crates.io-index"
checksum = "09d6582e104315a817dff97f75133544b2e094ee22447d2acf4a74e189ba06fc"

[[package]]
name = "libtest-mimic"
version = "0.8.1"
source = "registry+https://github.com/rust-lang/crates.io-index"
checksum = "5297962ef19edda4ce33aaa484386e0a5b3d7f2f4e037cbeee00503ef6b29d33"
dependencies = [
 "anstream",
 "anstyle",
 "clap",
 "escape8259",
]

[[package]]
name = "libtest-mimic-collect"
version = "0.3.1"
source = "registry+https://github.com/rust-lang/crates.io-index"
checksum = "670872e8d3d129df9064a04feb9911b65a54cb2a0a0780f813779d7e56ea1804"
dependencies = [
 "ctor",
 "libtest-mimic",
 "libtest-mimic-collect-macro",
]

[[package]]
name = "libtest-mimic-collect-macro"
version = "0.3.0"
source = "registry+https://github.com/rust-lang/crates.io-index"
checksum = "b6eeb2525f5cee3328f83ac5ba57977b458e5ed7b54eeebd52709445f156a3c9"
dependencies = [
 "proc-macro2",
 "quote",
 "syn",
]

[[package]]
name = "memchr"
version = "2.7.4"
source = "registry+https://github.com/rust-lang/crates.io-index"
checksum = "78ca9ab1a0babb1e7d5695e3530886289c18cf2f87ec19a575a0abdce112e3a3"

[[package]]
name = "objc-sys"
version = "0.3.5"
source = "registry+https://github.com/rust-lang/crates.io-index"
checksum = "cdb91bdd390c7ce1a8607f35f3ca7151b65afc0ff5ff3b34fa350f7d7c7e4310"

[[package]]
name = "objc2"
version = "0.5.2"
source = "registry+https://github.com/rust-lang/crates.io-index"
checksum = "46a785d4eeff09c14c487497c162e92766fbb3e4059a71840cecc03d9a50b804"
dependencies = [
 "objc-sys",
 "objc2-encode",
]

[[package]]
name = "objc2-app-kit"
version = "0.2.2"
source = "registry+https://github.com/rust-lang/crates.io-index"
checksum = "e4e89ad9e3d7d297152b17d39ed92cd50ca8063a89a9fa569046d41568891eff"
dependencies = [
 "bitflags",
 "block2 0.5.1",
 "libc",
 "objc2",
 "objc2-core-data",
 "objc2-core-image",
 "objc2-foundation",
 "objc2-quartz-core",
]

[[package]]
name = "objc2-core-data"
version = "0.2.2"
source = "registry+https://github.com/rust-lang/crates.io-index"
checksum = "617fbf49e071c178c0b24c080767db52958f716d9eabdf0890523aeae54773ef"
dependencies = [
 "bitflags",
 "block2 0.5.1",
 "objc2",
 "objc2-foundation",
]

[[package]]
name = "objc2-core-image"
version = "0.2.2"
source = "registry+https://github.com/rust-lang/crates.io-index"
checksum = "55260963a527c99f1819c4f8e3b47fe04f9650694ef348ffd2227e8196d34c80"
dependencies = [
 "block2 0.5.1",
 "objc2",
 "objc2-foundation",
 "objc2-metal",
]

[[package]]
name = "objc2-encode"
version = "4.0.3"
source = "registry+https://github.com/rust-lang/crates.io-index"
checksum = "7891e71393cd1f227313c9379a26a584ff3d7e6e7159e988851f0934c993f0f8"

[[package]]
name = "objc2-foundation"
version = "0.2.2"
source = "registry+https://github.com/rust-lang/crates.io-index"
checksum = "0ee638a5da3799329310ad4cfa62fbf045d5f56e3ef5ba4149e7452dcf89d5a8"
dependencies = [
 "bitflags",
 "block2 0.5.1",
 "libc",
 "objc2",
]

[[package]]
name = "objc2-metal"
version = "0.2.2"
source = "registry+https://github.com/rust-lang/crates.io-index"
checksum = "dd0cba1276f6023976a406a14ffa85e1fdd19df6b0f737b063b95f6c8c7aadd6"
dependencies = [
 "bitflags",
 "block2 0.5.1",
 "objc2",
 "objc2-foundation",
]

[[package]]
name = "objc2-osa-kit"
version = "0.2.2"
source = "registry+https://github.com/rust-lang/crates.io-index"
checksum = "6788b04a18ea31e3dc3ab256b8546639e5bbae07c1a0dc4ea8615252bc6aee9a"
dependencies = [
 "bitflags",
 "objc2",
 "objc2-app-kit",
 "objc2-foundation",
]

[[package]]
name = "objc2-quartz-core"
version = "0.2.2"
source = "registry+https://github.com/rust-lang/crates.io-index"
checksum = "e42bee7bff906b14b167da2bac5efe6b6a07e6f7c0a21a7308d40c960242dc7a"
dependencies = [
 "bitflags",
 "block2 0.5.1",
 "objc2",
 "objc2-foundation",
 "objc2-metal",
]

[[package]]
name = "osakit"
version = "0.3.0"
dependencies = [
 "icrate",
 "libtest-mimic-collect",
 "objc2-foundation",
 "objc2-osa-kit",
 "serde",
 "serde_json",
 "thiserror",
]

[[package]]
name = "proc-macro2"
version = "1.0.92"
source = "registry+https://github.com/rust-lang/crates.io-index"
checksum = "37d3544b3f2748c54e147655edb5025752e2303145b5aefb3c3ea2c78b973bb0"
dependencies = [
 "unicode-ident",
]

[[package]]
name = "quote"
version = "1.0.37"
source = "registry+https://github.com/rust-lang/crates.io-index"
checksum = "b5b9d34b8991d19d98081b46eacdd8eb58c6f2b201139f7c5f643cc155a633af"
dependencies = [
 "proc-macro2",
]

[[package]]
name = "ryu"
version = "1.0.18"
source = "registry+https://github.com/rust-lang/crates.io-index"
checksum = "f3cb5ba0dc43242ce17de99c180e96db90b235b8a9fdc9543c96d2209116bd9f"

[[package]]
name = "serde"
version = "1.0.215"
source = "registry+https://github.com/rust-lang/crates.io-index"
checksum = "6513c1ad0b11a9376da888e3e0baa0077f1aed55c17f50e7b2397136129fb88f"
dependencies = [
 "serde_derive",
]

[[package]]
name = "serde_derive"
version = "1.0.215"
source = "registry+https://github.com/rust-lang/crates.io-index"
checksum = "ad1e866f866923f252f05c889987993144fb74e722403468a4ebd70c3cd756c0"
dependencies = [
 "proc-macro2",
 "quote",
 "syn",
]

[[package]]
name = "serde_json"
version = "1.0.133"
source = "registry+https://github.com/rust-lang/crates.io-index"
checksum = "c7fceb2473b9166b2294ef05efcb65a3db80803f0b03ef86a5fc88a2b85ee377"
dependencies = [
 "itoa",
 "memchr",
 "ryu",
 "serde",
]

[[package]]
name = "strsim"
version = "0.11.1"
source = "registry+https://github.com/rust-lang/crates.io-index"
checksum = "7da8b5736845d9f2fcb837ea5d9e2628564b3b043a70948a3f0b778838c5fb4f"

[[package]]
name = "syn"
version = "2.0.90"
source = "registry+https://github.com/rust-lang/crates.io-index"
checksum = "919d3b74a5dd0ccd15aeb8f93e7006bd9e14c295087c9896a110f490752bcf31"
dependencies = [
 "proc-macro2",
 "quote",
 "unicode-ident",
]

[[package]]
name = "thiserror"
version = "1.0.69"
source = "registry+https://github.com/rust-lang/crates.io-index"
checksum = "b6aaf5339b578ea85b50e080feb250a3e8ae8cfcdff9a461c9ec2904bc923f52"
dependencies = [
 "thiserror-impl",
]

[[package]]
name = "thiserror-impl"
version = "1.0.69"
source = "registry+https://github.com/rust-lang/crates.io-index"
checksum = "4fee6c4efc90059e10f81e6d42c60a18f76588c3d74cb83a0b242a2b6c7504c1"
dependencies = [
 "proc-macro2",
 "quote",
 "syn",
]

[[package]]
name = "unicode-ident"
version = "1.0.14"
source = "registry+https://github.com/rust-lang/crates.io-index"
checksum = "adb9e6ca4f869e1180728b7950e35922a7fc6397f7b641499e8f3ef06e50dc83"

[[package]]
name = "utf8parse"
version = "0.2.2"
source = "registry+https://github.com/rust-lang/crates.io-index"
checksum = "06abde3611657adf66d383f00b093d7faecc7fa57071cce2578660c9f1010821"

[[package]]
name = "windows-sys"
version = "0.59.0"
source = "registry+https://github.com/rust-lang/crates.io-index"
checksum = "1e38bc4d79ed67fd075bcc251a1c39b32a1776bbe92e5bef1f0bf1f8c531853b"
dependencies = [
 "windows-targets",
]

[[package]]
name = "windows-targets"
version = "0.52.6"
source = "registry+https://github.com/rust-lang/crates.io-index"
checksum = "9b724f72796e036ab90c1021d4780d4d3d648aca59e491e6b98e725b84e99973"
dependencies = [
 "windows_aarch64_gnullvm",
 "windows_aarch64_msvc",
 "windows_i686_gnu",
 "windows_i686_gnullvm",
 "windows_i686_msvc",
 "windows_x86_64_gnu",
 "windows_x86_64_gnullvm",
 "windows_x86_64_msvc",
]

[[package]]
name = "windows_aarch64_gnullvm"
version = "0.52.6"
source = "registry+https://github.com/rust-lang/crates.io-index"
checksum = "32a4622180e7a0ec044bb555404c800bc9fd9ec262ec147edd5989ccd0c02cd3"

[[package]]
name = "windows_aarch64_msvc"
version = "0.52.6"
source = "registry+https://github.com/rust-lang/crates.io-index"
checksum = "09ec2a7bb152e2252b53fa7803150007879548bc709c039df7627cabbd05d469"

[[package]]
name = "windows_i686_gnu"
version = "0.52.6"
source = "registry+https://github.com/rust-lang/crates.io-index"
checksum = "8e9b5ad5ab802e97eb8e295ac6720e509ee4c243f69d781394014ebfe8bbfa0b"

[[package]]
name = "windows_i686_gnullvm"
version = "0.52.6"
source = "registry+https://github.com/rust-lang/crates.io-index"
checksum = "0eee52d38c090b3caa76c563b86c3a4bd71ef1a819287c19d586d7334ae8ed66"

[[package]]
name = "windows_i686_msvc"
version = "0.52.6"
source = "registry+https://github.com/rust-lang/crates.io-index"
checksum = "240948bc05c5e7c6dabba28bf89d89ffce3e303022809e73deaefe4f6ec56c66"

[[package]]
name = "windows_x86_64_gnu"
version = "0.52.6"
source = "registry+https://github.com/rust-lang/crates.io-index"
checksum = "147a5c80aabfbf0c7d901cb5895d1de30ef2907eb21fbbab29ca94c5b08b1a78"

[[package]]
name = "windows_x86_64_gnullvm"
version = "0.52.6"
source = "registry+https://github.com/rust-lang/crates.io-index"
checksum = "24d5b23dc417412679681396f2b49f3de8c1473deb516bd34410872eff51ed0d"

[[package]]
name = "windows_x86_64_msvc"
version = "0.52.6"
source = "registry+https://github.com/rust-lang/crates.io-index"
checksum = "589f6da84c646204747d1270a2a5661ea66ed1cced2631d546fdfb155959f9ec"
